
Microsoft Visual Studio Solution File, Format Version 12.00
# Visual Studio Version 16
VisualStudioVersion = 16.0.30225.117
MinimumVisualStudioVersion = 10.0.40219.1
Project("{9A19103F-16F7-4668-BE54-9A1E7A4F7556}") = "SPA", "SPA\SPA.csproj", "{8B300327-03A8-42F9-82D5-A11C9C3F518B}"
EndProject
Global
	GlobalSection(SolutionConfigurationPlatforms) = preSolution
		Debug|Any CPU = Debug|Any CPU
		Release|Any CPU = Release|Any CPU
	EndGlobalSection
	GlobalSection(ProjectConfigurationPlatforms) = postSolution
		{8B300327-03A8-42F9-82D5-A11C9C3F518B}.Debug|Any CPU.ActiveCfg = Debug|Any CPU
		{8B300327-03A8-42F9-82D5-A11C9C3F518B}.Debug|Any CPU.Build.0 = Debug|Any CPU
		{8B300327-03A8-42F9-82D5-A11C9C3F518B}.Release|Any CPU.ActiveCfg = Release|Any CPU
		{8B300327-03A8-42F9-82D5-A11C9C3F518B}.Release|Any CPU.Build.0 = Release|Any CPU
	EndGlobalSection
	GlobalSection(SolutionProperties) = preSolution
		HideSolutionNode = FALSE
	EndGlobalSection
	GlobalSection(ExtensibilityGlobals) = postSolution
		SolutionGuid = {2F25AAA4-2BFC-4270-8D8B-34C5FE94A8BF}
	EndGlobalSection
EndGlobal
